
Microsoft Visual Studio Solution File, Format Version 12.00
# Visual Studio Version 17
VisualStudioVersion = 17.6.33829.357
MinimumVisualStudioVersion = 10.0.40219.1
Project("{9A19103F-16F7-4668-BE54-9A1E7A4F7556}") = "Builder", "Builder\Builder.csproj", "{0AFD364B-0A2A-4F70-9891-05E09C08404C}"
EndProject
Project("{9A19103F-16F7-4668-BE54-9A1E7A4F7556}") = "Fasade", "Fasade\Fasade.csproj", "{B1B95759-E48F-4663-9B1D-A680A7E21290}"
EndProject
Project("{9A19103F-16F7-4668-BE54-9A1E7A4F7556}") = "Common", "Common\Common.csproj", "{8AB32586-4E64-4F3E-A4DD-B985DAEB6CB0}"
EndProject
Project("{9A19103F-16F7-4668-BE54-9A1E7A4F7556}") = "Prototype", "Prototype\Prototype.csproj", "{834AC6EF-B2EF-47A1-B9EB-D559597FC507}"
EndProject
Project("{FAE04EC0-301F-11D3-BF4B-00C04F79EFBC}") = "Factory", "Factory\Factory.csproj", "{AD495216-D460-438F-8840-6D61A44EF426}"
EndProject
Global
	GlobalSection(SolutionConfigurationPlatforms) = preSolution
		Debug|Any CPU = Debug|Any CPU
		Release|Any CPU = Release|Any CPU
	EndGlobalSection
	GlobalSection(ProjectConfigurationPlatforms) = postSolution
		{0AFD364B-0A2A-4F70-9891-05E09C08404C}.Debug|Any CPU.ActiveCfg = Debug|Any CPU
		{0AFD364B-0A2A-4F70-9891-05E09C08404C}.Debug|Any CPU.Build.0 = Debug|Any CPU
		{0AFD364B-0A2A-4F70-9891-05E09C08404C}.Release|Any CPU.ActiveCfg = Release|Any CPU
		{0AFD364B-0A2A-4F70-9891-05E09C08404C}.Release|Any CPU.Build.0 = Release|Any CPU
		{B1B95759-E48F-4663-9B1D-A680A7E21290}.Debug|Any CPU.ActiveCfg = Debug|Any CPU
		{B1B95759-E48F-4663-9B1D-A680A7E21290}.Debug|Any CPU.Build.0 = Debug|Any CPU
		{B1B95759-E48F-4663-9B1D-A680A7E21290}.Release|Any CPU.ActiveCfg = Release|Any CPU
		{B1B95759-E48F-4663-9B1D-A680A7E21290}.Release|Any CPU.Build.0 = Release|Any CPU
		{8AB32586-4E64-4F3E-A4DD-B985DAEB6CB0}.Debug|Any CPU.ActiveCfg = Debug|Any CPU
		{8AB32586-4E64-4F3E-A4DD-B985DAEB6CB0}.Debug|Any CPU.Build.0 = Debug|Any CPU
		{8AB32586-4E64-4F3E-A4DD-B985DAEB6CB0}.Release|Any CPU.ActiveCfg = Release|Any CPU
		{8AB32586-4E64-4F3E-A4DD-B985DAEB6CB0}.Release|Any CPU.Build.0 = Release|Any CPU
		{834AC6EF-B2EF-47A1-B9EB-D559597FC507}.Debug|Any CPU.ActiveCfg = Debug|Any CPU
		{834AC6EF-B2EF-47A1-B9EB-D559597FC507}.Debug|Any CPU.Build.0 = Debug|Any CPU
		{834AC6EF-B2EF-47A1-B9EB-D559597FC507}.Release|Any CPU.ActiveCfg = Release|Any CPU
		{834AC6EF-B2EF-47A1-B9EB-D559597FC507}.Release|Any CPU.Build.0 = Release|Any CPU
		{AD495216-D460-438F-8840-6D61A44EF426}.Debug|Any CPU.ActiveCfg = Debug|Any CPU
		{AD495216-D460-438F-8840-6D61A44EF426}.Debug|Any CPU.Build.0 = Debug|Any CPU
		{AD495216-D460-438F-8840-6D61A44EF426}.Release|Any CPU.ActiveCfg = Release|Any CPU
		{AD495216-D460-438F-8840-6D61A44EF426}.Release|Any CPU.Build.0 = Release|Any CPU
	EndGlobalSection
	GlobalSection(SolutionProperties) = preSolution
		HideSolutionNode = FALSE
	EndGlobalSection
	GlobalSection(ExtensibilityGlobals) = postSolution
		SolutionGuid = {5DF72BC7-23AA-47C3-92B1-84115443B348}
	EndGlobalSection
EndGlobal
